
Microsoft Visual Studio Solution File, Format Version 12.00
# Visual Studio Version 16
VisualStudioVersion = 16.0.31321.278
MinimumVisualStudioVersion = 10.0.40219.1
Project("{FAE04EC0-301F-11D3-BF4B-00C04F79EFBC}") = "ClientFolderFinder", "ClientFolderFinder\ClientFolderFinder.csproj", "{ED5F0632-7CF5-499D-99EE-3A884712DF6C}"
EndProject
Global
	GlobalSection(SolutionConfigurationPlatforms) = preSolution
		Debug|Any CPU = Debug|Any CPU
		Release|Any CPU = Release|Any CPU
	EndGlobalSection
	GlobalSection(ProjectConfigurationPlatforms) = postSolution
		{ED5F0632-7CF5-499D-99EE-3A884712DF6C}.Debug|Any CPU.ActiveCfg = Debug|Any CPU
		{ED5F0632-7CF5-499D-99EE-3A884712DF6C}.Debug|Any CPU.Build.0 = Debug|Any CPU
		{ED5F0632-7CF5-499D-99EE-3A884712DF6C}.Release|Any CPU.ActiveCfg = Release|Any CPU
		{ED5F0632-7CF5-499D-99EE-3A884712DF6C}.Release|Any CPU.Build.0 = Release|Any CPU
	EndGlobalSection
	GlobalSection(SolutionProperties) = preSolution
		HideSolutionNode = FALSE
	EndGlobalSection
	GlobalSection(ExtensibilityGlobals) = postSolution
		SolutionGuid = {26FA7E29-A41E-43B3-97A8-8CA6E01DA3AE}
	EndGlobalSection
EndGlobal
